{
  "requires": true,
  "lockfileVersion": 1,
  "dependencies": {
    "custom-electron-titlebar": {
      "version": "3.2.5",
      "resolved": "https://registry.npmjs.org/custom-electron-titlebar/-/custom-electron-titlebar-3.2.5.tgz",
      "integrity": "sha512-9tzTtvrsBec9lFi9Mg8nfwARn82mVgrYiiCYmBwJFYC0YhsyUYZfPyw4fd6hq+XHQbD+f72i9uqhukl5brhZZw=="
    }
  }
}
